version = 1
revision = 3
requires-python = ">=3.14"

[[package]]
name = "apify-workflows"
version = "0"
source = { virtual = "." }

[package.dev-dependencies]
dev = [
    { name = "ruff" },
    { name = "ty" },
]

[package.metadata]

[package.metadata.requires-dev]
dev = [
    { name = "ruff", specifier = "~=0.15.0" },
    { name = "ty", specifier = "~=0.0.0" },
]

[[package]]
name = "ruff"
version = "0.15.12"
source = { registry = "https://pypi.org/simple" }
sdist = { url = "https://files.pythonhosted.org/packages/99/43/3291f1cc9106f4c63bdce7a8d0df5047fe8422a75b091c16b5e9355e0b11/ruff-0.15.12.tar.gz", hash = "sha256:ecea26adb26b4232c0c2ca19ccbc0083a68344180bba2a600605538ce51a40a6", size = 4643852, upload-time = "2026-04-24T18:17:14.305Z" }
wheels = [
    { url = "https://files.pythonhosted.org/packages/c3/6e/e78ffb61d4686f3d96ba3df2c801161843746dcbcbb17a1e927d4829312b/ruff-0.15.12-py3-none-linux_armv6l.whl", hash = "sha256:f86f176e188e94d6bdbc09f09bfd9dc729059ad93d0e7390b5a73efe19f8861c", size = 10640713, upload-time = "2026-04-24T18:17:22.841Z" },
    { url = "https://files.pythonhosted.org/packages/ae/08/a317bc231fb9e7b93e4ef3089501e51922ff88d6936ce5cf870c4fe55419/ruff-0.15.12-py3-none-macosx_10_12_x86_64.whl", hash = "sha256:e3bcd123364c3770b8e1b7baaf343cc99a35f197c5c6e8af79015c666c423a6c", size = 11069267, upload-time = "2026-04-24T18:17:30.105Z" },
    { url = "https://files.pythonhosted.org/packages/aa/a4/f828e9718d3dce1f5f11c39c4f65afd32783c8b2aebb2e3d259e492c47bd/ruff-0.15.12-py3-none-macosx_11_0_arm64.whl", hash = "sha256:fe87510d000220aa1ed530d4448a7c696a0cae1213e5ec30e5874287b66557b5", size = 10397182, upload-time = "2026-04-24T18:17:07.177Z" },
    { url = "https://files.pythonhosted.org/packages/71/e0/3310fc6d1b5e1fdea22bf3b1b807c7e187b581021b0d7d4514cccdb5fb71/ruff-0.15.12-py3-none-manylinux_2_17_aarch64.manylinux2014_aarch64.whl", hash = "sha256:84a1630093121375a3e2a95b4a6dc7b59e2b4ee76216e32d81aae550a832d002", size = 10758012, upload-time = "2026-04-24T18:16:55.759Z" },
    { url = "https://files.pythonhosted.org/packages/11/c1/a606911aee04c324ddaa883ae418f3569792fd3c4a10c50e0dd0a2311e1e/ruff-0.15.12-py3-none-manylinux_2_17_armv7l.manylinux2014_armv7l.whl", hash = "sha256:fb129f40f114f089ebe0ca56c0d251cf2061b17651d464bb6478dc01e69f11f5", size = 10447479, upload-time = "2026-04-24T18:16:51.677Z" },
    { url = "https://files.pythonhosted.org/packages/9d/68/4201e8444f0894f21ab4aeeaee68aa4f10b51613514a20d80bd628d57e88/ruff-0.15.12-py3-none-manylinux_2_17_i686.manylinux2014_i686.whl", hash = "sha256:b0c862b172d695db7598426b8af465e7e9ac00a3ea2a3630ee67eb82e366aaa6", size = 11234040, upload-time = "2026-04-24T18:17:16.529Z" },
    { url = "https://files.pythonhosted.org/packages/34/ff/8a6d6cf4ccc23fd67060874e832c18919d1557a0611ebef03fdb01fff11e/ruff-0.15.12-py3-none-manylinux_2_17_ppc64le.manylinux2014_ppc64le.whl", hash = "sha256:2849ea9f3484c3aca43a82f484210370319e7170df4dfe4843395ddf6c57bc33", size = 12087377, upload-time = "2026-04-24T18:17:04.944Z" },
    { url = "https://files.pythonhosted.org/packages/85/f6/c669cf73f5152f623d34e69866a46d5e6185816b19fcd5b6dd8a2d299922/ruff-0.15.12-py3-none-manylinux_2_17_s390x.manylinux2014_s390x.whl", hash = "sha256:9e77c7e51c07fe396826d5969a5b846d9cd4c402535835fb6e21ce8b28fef847", size = 11367784, upload-time = "2026-04-24T18:17:25.409Z" },
    { url = "https://files.pythonhosted.org/packages/e8/39/c61d193b8a1daaa8977f7dea9e8d8ba866e02ea7b65d32f6861693aa4c12/ruff-0.15.12-py3-none-manylinux_2_17_x86_64.manylinux2014_x86_64.whl", hash = "sha256:83b2f4f2f3b1026b5fb449b467d9264bf22067b600f7b6f41fc5958909f449d0", size = 11344088, upload-time = "2026-04-24T18:17:12.258Z" },
    { url = "https://files.pythonhosted.org/packages/c2/8d/49afab3645e31e12c590acb6d3b5b69d7aab5b81926dbaf7461f9441f37a/ruff-0.15.12-py3-none-manylinux_2_31_riscv64.whl", hash = "sha256:9ba3b8f1afd7e2e43d8943e55f249e13f9682fde09711644a6e7290eb4f3e339", size = 11271770, upload-time = "2026-04-24T18:17:02.457Z" },
    { url = "https://files.pythonhosted.org/packages/46/06/33f41fe94403e2b755481cdfb9b7ef3e4e0ed031c4581124658d935d52b4/ruff-0.15.12-py3-none-musllinux_1_2_aarch64.whl", hash = "sha256:e852ba9fdc890655e1d78f2df1499efbe0e54126bd405362154a75e2bde159c5", size = 10719355, upload-time = "2026-04-24T18:17:27.648Z" },
    { url = "https://files.pythonhosted.org/packages/0d/59/18aa4e014debbf559670e4048e39260a85c7fcee84acfd761ac01e7b8d35/ruff-0.15.12-py3-none-musllinux_1_2_armv7l.whl", hash = "sha256:dd8aed930da53780d22fc70bdf84452c843cf64f8cb4eb38984319c24c5cd5fd", size = 10462758, upload-time = "2026-04-24T18:17:32.347Z" },
    { url = "https://files.pythonhosted.org/packages/25/e7/cc9f16fd0f3b5fddcbd7ec3d6ae30c8f3fde1047f32a4093a98d633c6570/ruff-0.15.12-py3-none-musllinux_1_2_i686.whl", hash = "sha256:01da3988d225628b709493d7dc67c3b9b12c0210016b08690ef9bd27970b262b", size = 10953498, upload-time = "2026-04-24T18:17:20.674Z" },
    { url = "https://files.pythonhosted.org/packages/72/7a/a9ba7f98c7a575978698f4230c5e8cc54bbc761af34f560818f933dafa0c/ruff-0.15.12-py3-none-musllinux_1_2_x86_64.whl", hash = "sha256:9cae0f92bd5700d1213188b31cd3bdd2b315361296d10b96b8e2337d3d11f53e", size = 11447765, upload-time = "2026-04-24T18:17:09.755Z" },
    { url = "https://files.pythonhosted.org/packages/ea/f9/0ae446942c846b8266059ad8a30702a35afae55f5cdc54c5adf8d7afdc27/ruff-0.15.12-py3-none-win32.whl", hash = "sha256:d0185894e038d7043ba8fd6aee7499ece6462dc0ea9f1e260c7451807c714c20", size = 10657277, upload-time = "2026-04-24T18:17:18.591Z" },
    { url = "https://files.pythonhosted.org/packages/33/f1/9614e03e1cdcbf9437570b5400ced8a720b5db22b28d8e0f1bda429f660d/ruff-0.15.12-py3-none-win_amd64.whl", hash = "sha256:c87a162d61ab3adca47c03f7f717c68672edec7d1b5499e652331780fe74950d", size = 11837758, upload-time = "2026-04-24T18:17:00.113Z" },
    { url = "https://files.pythonhosted.org/packages/c0/98/6beb4b351e472e5f4c4613f7c35a5290b8be2497e183825310c4c3a3984b/ruff-0.15.12-py3-none-win_arm64.whl", hash = "sha256:a538f7a82d061cee7be55542aca1d86d1393d55d81d4fcc314370f4340930d4f", size = 11120821, upload-time = "2026-04-24T18:16:57.979Z" },
]

[[package]]
name = "ty"
version = "0.0.35"
source = { registry = "https://pypi.org/simple" }
sdist = { url = "https://files.pythonhosted.org/packages/4e/53/440e7b1212c4b0abbd4adb7aed93f4971aa1f8dca386ac5515930afa9172/ty-0.0.35.tar.gz", hash = "sha256:8375c240ab38138a19db07996c9808fb7a92047c1492e1ce587c2ef5112ad3a9", size = 5629237, upload-time = "2026-05-10T18:25:17.105Z" }
wheels = [
    { url = "https://files.pythonhosted.org/packages/d4/84/19662ee881675815b7fafff940a365be1985730465afd9b75cb2edd5f8b3/ty-0.0.35-py3-none-linux_armv6l.whl", hash = "sha256:85ae1e59b9fb0b40e9d84fe61b29653c5f2f5e78b487ece371a7a38c20c781cf", size = 11198741, upload-time = "2026-05-10T18:24:49.378Z" },
    { url = "https://files.pythonhosted.org/packages/62/df/7e5b6f83d85b4d2e5b72b5dceb388f440acc10679417bd46f829b9200fab/ty-0.0.35-py3-none-macosx_10_12_x86_64.whl", hash = "sha256:709dbb7af4fcadb1196863c00b8791bbbbcc9dacbe15a0ff17f0af82b35d415b", size = 10948304, upload-time = "2026-05-10T18:24:58.246Z" },
    { url = "https://files.pythonhosted.org/packages/59/94/72d7263aca055cde427f0ebcf08d6a74e5a5fee1d1e7fdd553696089cecb/ty-0.0.35-py3-none-macosx_11_0_arm64.whl", hash = "sha256:2cb0877419ab0c8708b6925cb0c2800b263842bd3c425113f200538772f3a0cc", size = 10407413, upload-time = "2026-05-10T18:24:37.422Z" },
    { url = "https://files.pythonhosted.org/packages/b6/23/fda6fae8a81ce0cb5f24cdfe63260e110c7af8844e31fa07d1e6e8ef0232/ty-0.0.35-py3-none-manylinux_2_17_aarch64.manylinux2014_aarch64.whl", hash = "sha256:e7afbcfc61904b7e82e7fe1a1db832a40d8f01e69dee1775f6594e552980536c", size = 10932614, upload-time = "2026-05-10T18:24:47.401Z" },
    { url = "https://files.pythonhosted.org/packages/72/3d/b98d8d4aa1a5ed6daaf15864e838f605ca7b1e8b93b7e17b96ed4bc4dfed/ty-0.0.35-py3-none-manylinux_2_17_armv7l.manylinux2014_armv7l.whl", hash = "sha256:b61498cc3e4178031c079951257fbdb209a891b4feb10ad6c40f615a51846f41", size = 10962982, upload-time = "2026-05-10T18:24:44.88Z" },
    { url = "https://files.pythonhosted.org/packages/18/c4/2881aad71bf6fb2f8df17fc8e4bc89e904e54490a3ee747b5ef73f98ac85/ty-0.0.35-py3-none-manylinux_2_17_i686.manylinux2014_i686.whl", hash = "sha256:573b1eacda349fc8dba0d767b41631c3a6f66412363127c5bf2b1b40a1d898d2", size = 11476274, upload-time = "2026-05-10T18:24:42.4Z" },
    { url = "https://files.pythonhosted.org/packages/34/0f/7717650adaeaddd23eea70470e2c26d3f0b9b18fdc7f26ec9552d6001f17/ty-0.0.35-py3-none-manylinux_2_17_ppc64le.manylinux2014_ppc64le.whl", hash = "sha256:a7209746158d6393c1040aa64b3ca29622e212ea7d8bae22ba50dbcbb4f96f0a", size = 12012027, upload-time = "2026-05-10T18:25:00.752Z" },
    { url = "https://files.pythonhosted.org/packages/22/c9/1a16cb4aab6f4707d8f550772e91abc26d1c8870f19b5e2453ad10bb8209/ty-0.0.35-py3-none-manylinux_2_17_s390x.manylinux2014_s390x.whl", hash = "sha256:4466a1470aa4418d49a9aa45d9da7de42033addd0a2837c5b2b0eb71d3c2bcd3", size = 11648894, upload-time = "2026-05-10T18:25:12.44Z" },
    { url = "https://files.pythonhosted.org/packages/18/a1/a977c0e07e9f88db9c67f90c6342a4dc4422c8091fa07bf26521870687c5/ty-0.0.35-py3-none-manylinux_2_17_x86_64.manylinux2014_x86_64.whl", hash = "sha256:eb44bb742d52c309dcaa6598bcf4d82eb4bf1241b9e4940461e522e30093fe8b", size = 11560482, upload-time = "2026-05-10T18:25:05.172Z" },
    { url = "https://files.pythonhosted.org/packages/d6/c1/a5fb11227d5cc4ac3f29a115d8c8bc817578e8ef6907d1e4c914ddbf45ee/ty-0.0.35-py3-none-manylinux_2_31_riscv64.whl", hash = "sha256:34b219250736c989b2670a03782c61315f523f3a2be37f1f90b1207e2212c188", size = 11718495, upload-time = "2026-05-10T18:24:54.12Z" },
    { url = "https://files.pythonhosted.org/packages/3c/cb/e92e4317388b6d1fd821a46941b448a8a1ff0bf13e22147c5167d8fa1b00/ty-0.0.35-py3-none-musllinux_1_2_aarch64.whl", hash = "sha256:88e2ac497decc0940ef1a07571dee8a746112a93a09cdc7f8bca0099752e2e05", size = 10900815, upload-time = "2026-05-10T18:25:02.941Z" },
    { url = "https://files.pythonhosted.org/packages/e9/4f/03bd87388a92567f262f35ac64e10d2be047d258f2dfcf1405f500fa2b90/ty-0.0.35-py3-none-musllinux_1_2_armv7l.whl", hash = "sha256:02cae51b53e6ec17d5d827ff1a3a76fd119705b56a92156e04399eda6e911596", size = 10998051, upload-time = "2026-05-10T18:25:14.68Z" },
    { url = "https://files.pythonhosted.org/packages/b4/60/6edbc375ee6073973200096168f644e1081e5e55a7d42596826465b275de/ty-0.0.35-py3-none-musllinux_1_2_i686.whl", hash = "sha256:11871d730c9400d899ac0b9f3d660ed2e7e433377c8725549f8250a36a7f2620", size = 11148910, upload-time = "2026-05-10T18:24:51.842Z" },
    { url = "https://files.pythonhosted.org/packages/4d/b1/a845d2066ed521c477450f436d4bd353d107e7c02dd6536a485944aaf892/ty-0.0.35-py3-none-musllinux_1_2_x86_64.whl", hash = "sha256:1ad0a2f0530d0933dcc99ad36ac556c63e384ea72ab9a18d23ad2e2c9fd61c73", size = 11671005, upload-time = "2026-05-10T18:24:56.223Z" },
    { url = "https://files.pythonhosted.org/packages/73/81/1d5912a54fb66b2f95ac828ae61d422ef5afeae1263e4d231e40796c229f/ty-0.0.35-py3-none-win32.whl", hash = "sha256:0e25d63ec4ab116e7f6757e44d16ca9216bca679d19ecc36d119cf80faada61a", size = 10481096, upload-time = "2026-05-10T18:24:39.976Z" },
    { url = "https://files.pythonhosted.org/packages/3b/36/1c7f8632bfec1c321f01581d4c940a3617b24bd3e8b37c8a7363d33fbfc4/ty-0.0.35-py3-none-win_amd64.whl", hash = "sha256:6a0a6d259f6f2f8f2f954c6f013d4e0b5eba68af6b353bf19a47d59ec254a3d5", size = 11555691, upload-time = "2026-05-10T18:25:07.792Z" },
    { url = "https://files.pythonhosted.org/packages/7a/fb/59325221bce52f6e833d6865ce8360ef7d5e1e21151b38df6dc77c4327a7/ty-0.0.35-py3-none-win_arm64.whl", hash = "sha256:619c52c0fb2aa21961a848a1995135ad3b6d0a9aa54da0194e60f679cc200e13", size = 10925457, upload-time = "2026-05-10T18:25:10.352Z" },
]
